
Microsoft Visual Studio Solution File, Format Version 12.00
# Visual Studio 14
VisualStudioVersion = 14.0.22609.0
MinimumVisualStudioVersion = 10.0.40219.1
Project("{FAE04EC0-301F-11D3-BF4B-00C04F79EFBC}") = "Subterran", "Subterran\Subterran.csproj", "{CA6493F3-A13C-4DFF-B31D-E2D96148211F}"
EndProject
Project("{2150E333-8FDC-42A3-9474-1A3956D46DE8}") = "Examples", "Examples", "{073F066E-831E-452F-82AD-E71FBF72C326}"
EndProject
Project("{FAE04EC0-301F-11D3-BF4B-00C04F79EFBC}") = "TropicalIsland", "Examples\TropicalIsland\TropicalIsland.csproj", "{A0321BEB-1149-4096-A88B-6AD8AE1FF361}"
EndProject
Project("{FAE04EC0-301F-11D3-BF4B-00C04F79EFBC}") = "Subterran.Tests", "Subterran.Tests\Subterran.Tests.csproj", "{B8D8CA19-31B6-43BE-8016-0E8508F78105}"
EndProject
Project("{FAE04EC0-301F-11D3-BF4B-00C04F79EFBC}") = "Subterran.Toolbox", "Subterran.Toolbox\Subterran.Toolbox.csproj", "{FD41C4ED-9387-48D1-BF6F-BB1347DFA10C}"
EndProject
Project("{FAE04EC0-301F-11D3-BF4B-00C04F79EFBC}") = "VoxelWorld", "Examples\VoxelWorld\VoxelWorld.csproj", "{A20FFE5B-16E5-44C0-88CD-9D3AA7F98391}"
EndProject
Project("{FAE04EC0-301F-11D3-BF4B-00C04F79EFBC}") = "JsonGame", "Examples\JsonGame\JsonGame.csproj", "{98D60E85-477C-45C0-8744-80921C2DD2DF}"
EndProject
Project("{2150E333-8FDC-42A3-9474-1A3956D46DE8}") = "Editor", "Editor", "{9EF848F7-3C2C-457E-B8E6-FA5E54C8E6E5}"
EndProject
Project("{2150E333-8FDC-42A3-9474-1A3956D46DE8}") = ".nuget", ".nuget", "{3BEE7B5F-726F-4B30-B9EB-E401A2DB153E}"
	ProjectSection(SolutionItems) = preProject
		.nuget\packages.config = .nuget\packages.config
	EndProjectSection
EndProject
Global
	GlobalSection(SolutionConfigurationPlatforms) = preSolution
		Debug|Any CPU = Debug|Any CPU
		Release|Any CPU = Release|Any CPU
	EndGlobalSection
	GlobalSection(ProjectConfigurationPlatforms) = postSolution
		{CA6493F3-A13C-4DFF-B31D-E2D96148211F}.Debug|Any CPU.ActiveCfg = Debug|Any CPU
		{CA6493F3-A13C-4DFF-B31D-E2D96148211F}.Debug|Any CPU.Build.0 = Debug|Any CPU
		{CA6493F3-A13C-4DFF-B31D-E2D96148211F}.Release|Any CPU.ActiveCfg = Release|Any CPU
		{CA6493F3-A13C-4DFF-B31D-E2D96148211F}.Release|Any CPU.Build.0 = Release|Any CPU
		{A0321BEB-1149-4096-A88B-6AD8AE1FF361}.Debug|Any CPU.ActiveCfg = Debug|Any CPU
		{A0321BEB-1149-4096-A88B-6AD8AE1FF361}.Debug|Any CPU.Build.0 = Debug|Any CPU
		{A0321BEB-1149-4096-A88B-6AD8AE1FF361}.Release|Any CPU.ActiveCfg = Release|Any CPU
		{A0321BEB-1149-4096-A88B-6AD8AE1FF361}.Release|Any CPU.Build.0 = Release|Any CPU
		{B8D8CA19-31B6-43BE-8016-0E8508F78105}.Debug|Any CPU.ActiveCfg = Debug|Any CPU
		{B8D8CA19-31B6-43BE-8016-0E8508F78105}.Debug|Any CPU.Build.0 = Debug|Any CPU
		{B8D8CA19-31B6-43BE-8016-0E8508F78105}.Release|Any CPU.ActiveCfg = Release|Any CPU
		{B8D8CA19-31B6-43BE-8016-0E8508F78105}.Release|Any CPU.Build.0 = Release|Any CPU
		{FD41C4ED-9387-48D1-BF6F-BB1347DFA10C}.Debug|Any CPU.ActiveCfg = Debug|Any CPU
		{FD41C4ED-9387-48D1-BF6F-BB1347DFA10C}.Debug|Any CPU.Build.0 = Debug|Any CPU
		{FD41C4ED-9387-48D1-BF6F-BB1347DFA10C}.Release|Any CPU.ActiveCfg = Release|Any CPU
		{FD41C4ED-9387-48D1-BF6F-BB1347DFA10C}.Release|Any CPU.Build.0 = Release|Any CPU
		{A20FFE5B-16E5-44C0-88CD-9D3AA7F98391}.Debug|Any CPU.ActiveCfg = Debug|Any CPU
		{A20FFE5B-16E5-44C0-88CD-9D3AA7F98391}.Debug|Any CPU.Build.0 = Debug|Any CPU
		{A20FFE5B-16E5-44C0-88CD-9D3AA7F98391}.Release|Any CPU.ActiveCfg = Release|Any CPU
		{A20FFE5B-16E5-44C0-88CD-9D3AA7F98391}.Release|Any CPU.Build.0 = Release|Any CPU
		{98D60E85-477C-45C0-8744-80921C2DD2DF}.Debug|Any CPU.ActiveCfg = Debug|Any CPU
		{98D60E85-477C-45C0-8744-80921C2DD2DF}.Debug|Any CPU.Build.0 = Debug|Any CPU
		{98D60E85-477C-45C0-8744-80921C2DD2DF}.Release|Any CPU.ActiveCfg = Release|Any CPU
		{98D60E85-477C-45C0-8744-80921C2DD2DF}.Release|Any CPU.Build.0 = Release|Any CPU
	EndGlobalSection
	GlobalSection(SolutionProperties) = preSolution
		HideSolutionNode = FALSE
	EndGlobalSection
	GlobalSection(NestedProjects) = preSolution
		{A0321BEB-1149-4096-A88B-6AD8AE1FF361} = {073F066E-831E-452F-82AD-E71FBF72C326}
		{A20FFE5B-16E5-44C0-88CD-9D3AA7F98391} = {073F066E-831E-452F-82AD-E71FBF72C326}
		{98D60E85-477C-45C0-8744-80921C2DD2DF} = {073F066E-831E-452F-82AD-E71FBF72C326}
	EndGlobalSection
EndGlobal
